
Microsoft Visual Studio Solution File, Format Version 12.00
# Visual Studio Version 16
VisualStudioVersion = 16.0.31025.194
MinimumVisualStudioVersion = 10.0.40219.1
Project("{FAE04EC0-301F-11D3-BF4B-00C04F79EFBC}") = "WebApplication1", "WebApplication1\WebApplication1.csproj", "{7D889BDD-750D-482B-91C7-97A7214B81DF}"
EndProject
Global
	GlobalSection(SolutionConfigurationPlatforms) = preSolution
		Debug|Any CPU = Debug|Any CPU
		Release|Any CPU = Release|Any CPU
	EndGlobalSection
	GlobalSection(ProjectConfigurationPlatforms) = postSolution
		{7D889BDD-750D-482B-91C7-97A7214B81DF}.Debug|Any CPU.ActiveCfg = Debug|Any CPU
		{7D889BDD-750D-482B-91C7-97A7214B81DF}.Debug|Any CPU.Build.0 = Debug|Any CPU
		{7D889BDD-750D-482B-91C7-97A7214B81DF}.Release|Any CPU.ActiveCfg = Release|Any CPU
		{7D889BDD-750D-482B-91C7-97A7214B81DF}.Release|Any CPU.Build.0 = Release|Any CPU
	EndGlobalSection
	GlobalSection(SolutionProperties) = preSolution
		HideSolutionNode = FALSE
	EndGlobalSection
	GlobalSection(ExtensibilityGlobals) = postSolution
		SolutionGuid = {8E19E922-96AD-454A-9797-327883085E78}
	EndGlobalSection
EndGlobal
